
Microsoft Visual Studio Solution File, Format Version 12.00
# Visual Studio Version 17
VisualStudioVersion = 17.8.34525.116
MinimumVisualStudioVersion = 10.0.40219.1
Project("{9A19103F-16F7-4668-BE54-9A1E7A4F7556}") = "kunwu", "kunwu.csproj", "{9C2D1ADE-CC62-4686-A3A7-4EA2149A8637}"
EndProject
Global
	GlobalSection(SolutionConfigurationPlatforms) = preSolution
		Debug|Any CPU = Debug|Any CPU
		Release|Any CPU = Release|Any CPU
	EndGlobalSection
	GlobalSection(ProjectConfigurationPlatforms) = postSolution
		{9C2D1ADE-CC62-4686-A3A7-4EA2149A8637}.Debug|Any CPU.ActiveCfg = Debug|Any CPU
		{9C2D1ADE-CC62-4686-A3A7-4EA2149A8637}.Debug|Any CPU.Build.0 = Debug|Any CPU
		{9C2D1ADE-CC62-4686-A3A7-4EA2149A8637}.Release|Any CPU.ActiveCfg = Release|Any CPU
		{9C2D1ADE-CC62-4686-A3A7-4EA2149A8637}.Release|Any CPU.Build.0 = Release|Any CPU
	EndGlobalSection
	GlobalSection(SolutionProperties) = preSolution
		HideSolutionNode = FALSE
	EndGlobalSection
	GlobalSection(ExtensibilityGlobals) = postSolution
		SolutionGuid = {477CF7AB-9C57-4F67-B25D-925CB1269BB4}
	EndGlobalSection
EndGlobal
